
Microsoft Visual Studio Solution File, Format Version 12.00
# Visual Studio Version 17
VisualStudioVersion = 17.10.35122.118
MinimumVisualStudioVersion = 10.0.40219.1
Project("{FAE04EC0-301F-11D3-BF4B-00C04F79EFBC}") = "CRUDAPP", "CRUDAPP\CRUDAPP.csproj", "{2749DFDE-49F0-4812-8377-5410224BA291}"
EndProject
Global
	GlobalSection(SolutionConfigurationPlatforms) = preSolution
		Debug|Any CPU = Debug|Any CPU
		Release|Any CPU = Release|Any CPU
	EndGlobalSection
	GlobalSection(ProjectConfigurationPlatforms) = postSolution
		{2749DFDE-49F0-4812-8377-5410224BA291}.Debug|Any CPU.ActiveCfg = Debug|Any CPU
		{2749DFDE-49F0-4812-8377-5410224BA291}.Debug|Any CPU.Build.0 = Debug|Any CPU
		{2749DFDE-49F0-4812-8377-5410224BA291}.Release|Any CPU.ActiveCfg = Release|Any CPU
		{2749DFDE-49F0-4812-8377-5410224BA291}.Release|Any CPU.Build.0 = Release|Any CPU
	EndGlobalSection
	GlobalSection(SolutionProperties) = preSolution
		HideSolutionNode = FALSE
	EndGlobalSection
	GlobalSection(ExtensibilityGlobals) = postSolution
		SolutionGuid = {14F5D25E-D424-4525-B7FD-38C9822DE6B3}
	EndGlobalSection
EndGlobal
